
Microsoft Visual Studio Solution File, Format Version 12.00
Project("{FAE04EC0-301F-11D3-BF4B-00C04F79EFBC}") = "ex1_InputNumber", "ex1_InputNumber\ex1_InputNumber.csproj", "{4489B3BC-A7B9-4968-9BD1-B7D62D6904E2}"
EndProject
Project("{FAE04EC0-301F-11D3-BF4B-00C04F79EFBC}") = "ex2_InputDayOfTheWeek", "ex2_InputDayOfTheWeek\ex2_InputDayOfTheWeek.csproj", "{E480F919-237B-4FCA-AEF8-E6C2E831541F}"
EndProject
Project("{FAE04EC0-301F-11D3-BF4B-00C04F79EFBC}") = "ex3_PriceIncrement", "ex3_PriceIncrement\ex3_PriceIncrement.csproj", "{F4553B9D-9856-4FA7-A549-12429A8642B4}"
EndProject
Global
	GlobalSection(SolutionConfigurationPlatforms) = preSolution
		Debug|Any CPU = Debug|Any CPU
		Release|Any CPU = Release|Any CPU
	EndGlobalSection
	GlobalSection(ProjectConfigurationPlatforms) = postSolution
		{4489B3BC-A7B9-4968-9BD1-B7D62D6904E2}.Debug|Any CPU.ActiveCfg = Debug|Any CPU
		{4489B3BC-A7B9-4968-9BD1-B7D62D6904E2}.Debug|Any CPU.Build.0 = Debug|Any CPU
		{4489B3BC-A7B9-4968-9BD1-B7D62D6904E2}.Release|Any CPU.ActiveCfg = Release|Any CPU
		{4489B3BC-A7B9-4968-9BD1-B7D62D6904E2}.Release|Any CPU.Build.0 = Release|Any CPU
		{E480F919-237B-4FCA-AEF8-E6C2E831541F}.Debug|Any CPU.ActiveCfg = Debug|Any CPU
		{E480F919-237B-4FCA-AEF8-E6C2E831541F}.Debug|Any CPU.Build.0 = Debug|Any CPU
		{E480F919-237B-4FCA-AEF8-E6C2E831541F}.Release|Any CPU.ActiveCfg = Release|Any CPU
		{E480F919-237B-4FCA-AEF8-E6C2E831541F}.Release|Any CPU.Build.0 = Release|Any CPU
		{F4553B9D-9856-4FA7-A549-12429A8642B4}.Debug|Any CPU.ActiveCfg = Debug|Any CPU
		{F4553B9D-9856-4FA7-A549-12429A8642B4}.Debug|Any CPU.Build.0 = Debug|Any CPU
		{F4553B9D-9856-4FA7-A549-12429A8642B4}.Release|Any CPU.ActiveCfg = Release|Any CPU
		{F4553B9D-9856-4FA7-A549-12429A8642B4}.Release|Any CPU.Build.0 = Release|Any CPU
	EndGlobalSection
EndGlobal
