
Microsoft Visual Studio Solution File, Format Version 12.00
# Visual Studio Version 17
VisualStudioVersion = 17.9.34714.143
MinimumVisualStudioVersion = 10.0.40219.1
Project("{FAE04EC0-301F-11D3-BF4B-00C04F79EFBC}") = "Exercise2", "Week2Visual\Exercise2.csproj", "{C6D4CD3B-E1A2-44DD-8AE6-1EB3ADF3EC9B}"
EndProject
Project("{FAE04EC0-301F-11D3-BF4B-00C04F79EFBC}") = "Exercise3", "Exercise3\Exercise3.csproj", "{DE5F45A7-4AB2-4795-B252-9FB5A8570B50}"
EndProject
Project("{FAE04EC0-301F-11D3-BF4B-00C04F79EFBC}") = "Exercise4", "Exercise4\Exercise4.csproj", "{1C9CFC01-ED50-4B29-856D-7B62D10A2CEE}"
EndProject
Global
	GlobalSection(SolutionConfigurationPlatforms) = preSolution
		Debug|Any CPU = Debug|Any CPU
		Release|Any CPU = Release|Any CPU
	EndGlobalSection
	GlobalSection(ProjectConfigurationPlatforms) = postSolution
		{C6D4CD3B-E1A2-44DD-8AE6-1EB3ADF3EC9B}.Debug|Any CPU.ActiveCfg = Debug|Any CPU
		{C6D4CD3B-E1A2-44DD-8AE6-1EB3ADF3EC9B}.Debug|Any CPU.Build.0 = Debug|Any CPU
		{C6D4CD3B-E1A2-44DD-8AE6-1EB3ADF3EC9B}.Release|Any CPU.ActiveCfg = Release|Any CPU
		{C6D4CD3B-E1A2-44DD-8AE6-1EB3ADF3EC9B}.Release|Any CPU.Build.0 = Release|Any CPU
		{DE5F45A7-4AB2-4795-B252-9FB5A8570B50}.Debug|Any CPU.ActiveCfg = Debug|Any CPU
		{DE5F45A7-4AB2-4795-B252-9FB5A8570B50}.Debug|Any CPU.Build.0 = Debug|Any CPU
		{DE5F45A7-4AB2-4795-B252-9FB5A8570B50}.Release|Any CPU.ActiveCfg = Release|Any CPU
		{DE5F45A7-4AB2-4795-B252-9FB5A8570B50}.Release|Any CPU.Build.0 = Release|Any CPU
		{1C9CFC01-ED50-4B29-856D-7B62D10A2CEE}.Debug|Any CPU.ActiveCfg = Debug|Any CPU
		{1C9CFC01-ED50-4B29-856D-7B62D10A2CEE}.Debug|Any CPU.Build.0 = Debug|Any CPU
		{1C9CFC01-ED50-4B29-856D-7B62D10A2CEE}.Release|Any CPU.ActiveCfg = Release|Any CPU
		{1C9CFC01-ED50-4B29-856D-7B62D10A2CEE}.Release|Any CPU.Build.0 = Release|Any CPU
	EndGlobalSection
	GlobalSection(SolutionProperties) = preSolution
		HideSolutionNode = FALSE
	EndGlobalSection
	GlobalSection(ExtensibilityGlobals) = postSolution
		SolutionGuid = {980A0A34-126E-4567-A8CF-5DCC8BF609C9}
	EndGlobalSection
EndGlobal
